
Microsoft Visual Studio Solution File, Format Version 12.00
# Visual Studio Version 16
VisualStudioVersion = 16.0.30711.63
MinimumVisualStudioVersion = 15.0.26124.0
Project("{2150E333-8FDC-42A3-9474-1A3956D46DE8}") = "Solution Items", "Solution Items", "{714D8ED1-5637-478C-984F-0224EB00F0FC}"
	ProjectSection(SolutionItems) = preProject
		references\architecture.txt = references\architecture.txt
		cliSettings.json = cliSettings.json
		style-guides\csharp.md = style-guides\csharp.md
		README.md = README.md
		deploy\Scripts\ResetDB.ps1 = deploy\Scripts\ResetDB.ps1
	EndProjectSection
EndProject
Project("{2150E333-8FDC-42A3-9474-1A3956D46DE8}") = "building-blocks", "building-blocks", "{52136440-E4B7-46D2-999C-34815AFBB291}"
EndProject
Project("{9A19103F-16F7-4668-BE54-9A1E7A4F7556}") = "BuildingBlocks.Core", "building-blocks\BuildingBlocks.Core\BuildingBlocks.Core.csproj", "{26097CC9-3F11-4836-B7ED-8EDE80ED7BA5}"
EndProject
Project("{9A19103F-16F7-4668-BE54-9A1E7A4F7556}") = "BuildingBlocks.AspNetCore", "building-blocks\BuildingBlocks.AspNetCore\BuildingBlocks.AspNetCore.csproj", "{656AECF0-152C-4326-897C-BDF648F47DC0}"
EndProject
Project("{9A19103F-16F7-4668-BE54-9A1E7A4F7556}") = "BuildingBlocks.EventStore", "building-blocks\BuildingBlocks.EventStore\BuildingBlocks.EventStore.csproj", "{13185604-A5D7-4237-950B-9CB846E822DB}"
EndProject
Project("{2150E333-8FDC-42A3-9474-1A3956D46DE8}") = "src", "src", "{7513FDAB-F854-46E9-8BE8-ED2FF8FD41BC}"
EndProject
Project("{2150E333-8FDC-42A3-9474-1A3956D46DE8}") = "test", "test", "{34BAB564-21CF-4A3F-A539-917141188769}"
EndProject
Project("{9A19103F-16F7-4668-BE54-9A1E7A4F7556}") = "BuildingBlocks.Email", "building-blocks\BuildingBlocks.Email\BuildingBlocks.Email.csproj", "{A0158657-8D8F-49CD-8484-E83BE733C76A}"
EndProject
Project("{9A19103F-16F7-4668-BE54-9A1E7A4F7556}") = "BuildingBlocks.GeoLocation", "building-blocks\BuildingBlocks.GeoLocation\BuildingBlocks.GeoLocation.csproj", "{328EE6B6-D27C-4F7C-BD8B-030FCC5BD4AB}"
EndProject
Project("{9A19103F-16F7-4668-BE54-9A1E7A4F7556}") = "BuildingBlocks.Stripe", "building-blocks\BuildingBlocks.Stripe\BuildingBlocks.Stripe.csproj", "{EAA737FD-0E12-4DF9-B03C-157AE21D4275}"
EndProject
Project("{9A19103F-16F7-4668-BE54-9A1E7A4F7556}") = "DblDip.Core", "src\DblDip.Core\DblDip.Core.csproj", "{4CAEBB8C-2D36-4931-BC8B-FCE82E830DA2}"
EndProject
Project("{9A19103F-16F7-4668-BE54-9A1E7A4F7556}") = "DblDip.Domain", "src\DblDip.Domain\DblDip.Domain.csproj", "{BB20BE17-2B87-4210-BF67-A97ACC085B74}"
EndProject
Project("{9A19103F-16F7-4668-BE54-9A1E7A4F7556}") = "DblDip.Api", "src\DblDip.Api\DblDip.Api.csproj", "{C4218578-C7A6-40E4-B46C-ABDFBB88A6EC}"
EndProject
Project("{9A19103F-16F7-4668-BE54-9A1E7A4F7556}") = "DblDip.Testing", "test\DblDip.Testing\DblDip.Testing.csproj", "{2A5FFE43-9C49-4464-A0D1-987001F1A507}"
EndProject
Project("{9A19103F-16F7-4668-BE54-9A1E7A4F7556}") = "DblDip.Domain.UnitTests", "test\DblDip.Domain.UnitTests\DblDip.Domain.UnitTests.csproj", "{B433FDB4-9D4B-46C2-899E-98389337F49D}"
EndProject
Project("{9A19103F-16F7-4668-BE54-9A1E7A4F7556}") = "DblDip.Core.UnitTests", "test\DblDip.Core.UnitTests\DblDip.Core.UnitTests.csproj", "{10421CAD-7AC5-4BAB-914E-9C82F84B7D60}"
EndProject
Project("{9A19103F-16F7-4668-BE54-9A1E7A4F7556}") = "DblDip.Api.FunctionalTests", "test\DblDip.Api.FunctionalTests\DblDip.Api.FunctionalTests.csproj", "{698769B6-EA10-4CD4-90D8-F237E9840CD2}"
EndProject
Global
	GlobalSection(SolutionConfigurationPlatforms) = preSolution
		Debug|Any CPU = Debug|Any CPU
		Debug|x64 = Debug|x64
		Debug|x86 = Debug|x86
		Release|Any CPU = Release|Any CPU
		Release|x64 = Release|x64
		Release|x86 = Release|x86
	EndGlobalSection
	GlobalSection(ProjectConfigurationPlatforms) = postSolution
		{26097CC9-3F11-4836-B7ED-8EDE80ED7BA5}.Debug|Any CPU.ActiveCfg = Debug|Any CPU
		{26097CC9-3F11-4836-B7ED-8EDE80ED7BA5}.Debug|Any CPU.Build.0 = Debug|Any CPU
		{26097CC9-3F11-4836-B7ED-8EDE80ED7BA5}.Debug|x64.ActiveCfg = Debug|Any CPU
		{26097CC9-3F11-4836-B7ED-8EDE80ED7BA5}.Debug|x64.Build.0 = Debug|Any CPU
		{26097CC9-3F11-4836-B7ED-8EDE80ED7BA5}.Debug|x86.ActiveCfg = Debug|Any CPU
		{26097CC9-3F11-4836-B7ED-8EDE80ED7BA5}.Debug|x86.Build.0 = Debug|Any CPU
		{26097CC9-3F11-4836-B7ED-8EDE80ED7BA5}.Release|Any CPU.ActiveCfg = Release|Any CPU
		{26097CC9-3F11-4836-B7ED-8EDE80ED7BA5}.Release|Any CPU.Build.0 = Release|Any CPU
		{26097CC9-3F11-4836-B7ED-8EDE80ED7BA5}.Release|x64.ActiveCfg = Release|Any CPU
		{26097CC9-3F11-4836-B7ED-8EDE80ED7BA5}.Release|x64.Build.0 = Release|Any CPU
		{26097CC9-3F11-4836-B7ED-8EDE80ED7BA5}.Release|x86.ActiveCfg = Release|Any CPU
		{26097CC9-3F11-4836-B7ED-8EDE80ED7BA5}.Release|x86.Build.0 = Release|Any CPU
		{656AECF0-152C-4326-897C-BDF648F47DC0}.Debug|Any CPU.ActiveCfg = Debug|Any CPU
		{656AECF0-152C-4326-897C-BDF648F47DC0}.Debug|Any CPU.Build.0 = Debug|Any CPU
		{656AECF0-152C-4326-897C-BDF648F47DC0}.Debug|x64.ActiveCfg = Debug|Any CPU
		{656AECF0-152C-4326-897C-BDF648F47DC0}.Debug|x64.Build.0 = Debug|Any CPU
		{656AECF0-152C-4326-897C-BDF648F47DC0}.Debug|x86.ActiveCfg = Debug|Any CPU
		{656AECF0-152C-4326-897C-BDF648F47DC0}.Debug|x86.Build.0 = Debug|Any CPU
		{656AECF0-152C-4326-897C-BDF648F47DC0}.Release|Any CPU.ActiveCfg = Release|Any CPU
		{656AECF0-152C-4326-897C-BDF648F47DC0}.Release|Any CPU.Build.0 = Release|Any CPU
		{656AECF0-152C-4326-897C-BDF648F47DC0}.Release|x64.ActiveCfg = Release|Any CPU
		{656AECF0-152C-4326-897C-BDF648F47DC0}.Release|x64.Build.0 = Release|Any CPU
		{656AECF0-152C-4326-897C-BDF648F47DC0}.Release|x86.ActiveCfg = Release|Any CPU
		{656AECF0-152C-4326-897C-BDF648F47DC0}.Release|x86.Build.0 = Release|Any CPU
		{13185604-A5D7-4237-950B-9CB846E822DB}.Debug|Any CPU.ActiveCfg = Debug|Any CPU
		{13185604-A5D7-4237-950B-9CB846E822DB}.Debug|Any CPU.Build.0 = Debug|Any CPU
		{13185604-A5D7-4237-950B-9CB846E822DB}.Debug|x64.ActiveCfg = Debug|Any CPU
		{13185604-A5D7-4237-950B-9CB846E822DB}.Debug|x64.Build.0 = Debug|Any CPU
		{13185604-A5D7-4237-950B-9CB846E822DB}.Debug|x86.ActiveCfg = Debug|Any CPU
		{13185604-A5D7-4237-950B-9CB846E822DB}.Debug|x86.Build.0 = Debug|Any CPU
		{13185604-A5D7-4237-950B-9CB846E822DB}.Release|Any CPU.ActiveCfg = Release|Any CPU
		{13185604-A5D7-4237-950B-9CB846E822DB}.Release|Any CPU.Build.0 = Release|Any CPU
		{13185604-A5D7-4237-950B-9CB846E822DB}.Release|x64.ActiveCfg = Release|Any CPU
		{13185604-A5D7-4237-950B-9CB846E822DB}.Release|x64.Build.0 = Release|Any CPU
		{13185604-A5D7-4237-950B-9CB846E822DB}.Release|x86.ActiveCfg = Release|Any CPU
		{13185604-A5D7-4237-950B-9CB846E822DB}.Release|x86.Build.0 = Release|Any CPU
		{A0158657-8D8F-49CD-8484-E83BE733C76A}.Debug|Any CPU.ActiveCfg = Debug|Any CPU
		{A0158657-8D8F-49CD-8484-E83BE733C76A}.Debug|Any CPU.Build.0 = Debug|Any CPU
		{A0158657-8D8F-49CD-8484-E83BE733C76A}.Debug|x64.ActiveCfg = Debug|Any CPU
		{A0158657-8D8F-49CD-8484-E83BE733C76A}.Debug|x64.Build.0 = Debug|Any CPU
		{A0158657-8D8F-49CD-8484-E83BE733C76A}.Debug|x86.ActiveCfg = Debug|Any CPU
		{A0158657-8D8F-49CD-8484-E83BE733C76A}.Debug|x86.Build.0 = Debug|Any CPU
		{A0158657-8D8F-49CD-8484-E83BE733C76A}.Release|Any CPU.ActiveCfg = Release|Any CPU
		{A0158657-8D8F-49CD-8484-E83BE733C76A}.Release|Any CPU.Build.0 = Release|Any CPU
		{A0158657-8D8F-49CD-8484-E83BE733C76A}.Release|x64.ActiveCfg = Release|Any CPU
		{A0158657-8D8F-49CD-8484-E83BE733C76A}.Release|x64.Build.0 = Release|Any CPU
		{A0158657-8D8F-49CD-8484-E83BE733C76A}.Release|x86.ActiveCfg = Release|Any CPU
		{A0158657-8D8F-49CD-8484-E83BE733C76A}.Release|x86.Build.0 = Release|Any CPU
		{328EE6B6-D27C-4F7C-BD8B-030FCC5BD4AB}.Debug|Any CPU.ActiveCfg = Debug|Any CPU
		{328EE6B6-D27C-4F7C-BD8B-030FCC5BD4AB}.Debug|Any CPU.Build.0 = Debug|Any CPU
		{328EE6B6-D27C-4F7C-BD8B-030FCC5BD4AB}.Debug|x64.ActiveCfg = Debug|Any CPU
		{328EE6B6-D27C-4F7C-BD8B-030FCC5BD4AB}.Debug|x64.Build.0 = Debug|Any CPU
		{328EE6B6-D27C-4F7C-BD8B-030FCC5BD4AB}.Debug|x86.ActiveCfg = Debug|Any CPU
		{328EE6B6-D27C-4F7C-BD8B-030FCC5BD4AB}.Debug|x86.Build.0 = Debug|Any CPU
		{328EE6B6-D27C-4F7C-BD8B-030FCC5BD4AB}.Release|Any CPU.ActiveCfg = Release|Any CPU
		{328EE6B6-D27C-4F7C-BD8B-030FCC5BD4AB}.Release|Any CPU.Build.0 = Release|Any CPU
		{328EE6B6-D27C-4F7C-BD8B-030FCC5BD4AB}.Release|x64.ActiveCfg = Release|Any CPU
		{328EE6B6-D27C-4F7C-BD8B-030FCC5BD4AB}.Release|x64.Build.0 = Release|Any CPU
		{328EE6B6-D27C-4F7C-BD8B-030FCC5BD4AB}.Release|x86.ActiveCfg = Release|Any CPU
		{328EE6B6-D27C-4F7C-BD8B-030FCC5BD4AB}.Release|x86.Build.0 = Release|Any CPU
		{EAA737FD-0E12-4DF9-B03C-157AE21D4275}.Debug|Any CPU.ActiveCfg = Debug|Any CPU
		{EAA737FD-0E12-4DF9-B03C-157AE21D4275}.Debug|Any CPU.Build.0 = Debug|Any CPU
		{EAA737FD-0E12-4DF9-B03C-157AE21D4275}.Debug|x64.ActiveCfg = Debug|Any CPU
		{EAA737FD-0E12-4DF9-B03C-157AE21D4275}.Debug|x64.Build.0 = Debug|Any CPU
		{EAA737FD-0E12-4DF9-B03C-157AE21D4275}.Debug|x86.ActiveCfg = Debug|Any CPU
		{EAA737FD-0E12-4DF9-B03C-157AE21D4275}.Debug|x86.Build.0 = Debug|Any CPU
		{EAA737FD-0E12-4DF9-B03C-157AE21D4275}.Release|Any CPU.ActiveCfg = Release|Any CPU
		{EAA737FD-0E12-4DF9-B03C-157AE21D4275}.Release|Any CPU.Build.0 = Release|Any CPU
		{EAA737FD-0E12-4DF9-B03C-157AE21D4275}.Release|x64.ActiveCfg = Release|Any CPU
		{EAA737FD-0E12-4DF9-B03C-157AE21D4275}.Release|x64.Build.0 = Release|Any CPU
		{EAA737FD-0E12-4DF9-B03C-157AE21D4275}.Release|x86.ActiveCfg = Release|Any CPU
		{EAA737FD-0E12-4DF9-B03C-157AE21D4275}.Release|x86.Build.0 = Release|Any CPU
		{4CAEBB8C-2D36-4931-BC8B-FCE82E830DA2}.Debug|Any CPU.ActiveCfg = Debug|Any CPU
		{4CAEBB8C-2D36-4931-BC8B-FCE82E830DA2}.Debug|Any CPU.Build.0 = Debug|Any CPU
		{4CAEBB8C-2D36-4931-BC8B-FCE82E830DA2}.Debug|x64.ActiveCfg = Debug|Any CPU
		{4CAEBB8C-2D36-4931-BC8B-FCE82E830DA2}.Debug|x64.Build.0 = Debug|Any CPU
		{4CAEBB8C-2D36-4931-BC8B-FCE82E830DA2}.Debug|x86.ActiveCfg = Debug|Any CPU
		{4CAEBB8C-2D36-4931-BC8B-FCE82E830DA2}.Debug|x86.Build.0 = Debug|Any CPU
		{4CAEBB8C-2D36-4931-BC8B-FCE82E830DA2}.Release|Any CPU.ActiveCfg = Release|Any CPU
		{4CAEBB8C-2D36-4931-BC8B-FCE82E830DA2}.Release|Any CPU.Build.0 = Release|Any CPU
		{4CAEBB8C-2D36-4931-BC8B-FCE82E830DA2}.Release|x64.ActiveCfg = Release|Any CPU
		{4CAEBB8C-2D36-4931-BC8B-FCE82E830DA2}.Release|x64.Build.0 = Release|Any CPU
		{4CAEBB8C-2D36-4931-BC8B-FCE82E830DA2}.Release|x86.ActiveCfg = Release|Any CPU
		{4CAEBB8C-2D36-4931-BC8B-FCE82E830DA2}.Release|x86.Build.0 = Release|Any CPU
		{BB20BE17-2B87-4210-BF67-A97ACC085B74}.Debug|Any CPU.ActiveCfg = Debug|Any CPU
		{BB20BE17-2B87-4210-BF67-A97ACC085B74}.Debug|Any CPU.Build.0 = Debug|Any CPU
		{BB20BE17-2B87-4210-BF67-A97ACC085B74}.Debug|x64.ActiveCfg = Debug|Any CPU
		{BB20BE17-2B87-4210-BF67-A97ACC085B74}.Debug|x64.Build.0 = Debug|Any CPU
		{BB20BE17-2B87-4210-BF67-A97ACC085B74}.Debug|x86.ActiveCfg = Debug|Any CPU
		{BB20BE17-2B87-4210-BF67-A97ACC085B74}.Debug|x86.Build.0 = Debug|Any CPU
		{BB20BE17-2B87-4210-BF67-A97ACC085B74}.Release|Any CPU.ActiveCfg = Release|Any CPU
		{BB20BE17-2B87-4210-BF67-A97ACC085B74}.Release|Any CPU.Build.0 = Release|Any CPU
		{BB20BE17-2B87-4210-BF67-A97ACC085B74}.Release|x64.ActiveCfg = Release|Any CPU
		{BB20BE17-2B87-4210-BF67-A97ACC085B74}.Release|x64.Build.0 = Release|Any CPU
		{BB20BE17-2B87-4210-BF67-A97ACC085B74}.Release|x86.ActiveCfg = Release|Any CPU
		{BB20BE17-2B87-4210-BF67-A97ACC085B74}.Release|x86.Build.0 = Release|Any CPU
		{C4218578-C7A6-40E4-B46C-ABDFBB88A6EC}.Debug|Any CPU.ActiveCfg = Debug|Any CPU
		{C4218578-C7A6-40E4-B46C-ABDFBB88A6EC}.Debug|Any CPU.Build.0 = Debug|Any CPU
		{C4218578-C7A6-40E4-B46C-ABDFBB88A6EC}.Debug|x64.ActiveCfg = Debug|Any CPU
		{C4218578-C7A6-40E4-B46C-ABDFBB88A6EC}.Debug|x64.Build.0 = Debug|Any CPU
		{C4218578-C7A6-40E4-B46C-ABDFBB88A6EC}.Debug|x86.ActiveCfg = Debug|Any CPU
		{C4218578-C7A6-40E4-B46C-ABDFBB88A6EC}.Debug|x86.Build.0 = Debug|Any CPU
		{C4218578-C7A6-40E4-B46C-ABDFBB88A6EC}.Release|Any CPU.ActiveCfg = Release|Any CPU
		{C4218578-C7A6-40E4-B46C-ABDFBB88A6EC}.Release|Any CPU.Build.0 = Release|Any CPU
		{C4218578-C7A6-40E4-B46C-ABDFBB88A6EC}.Release|x64.ActiveCfg = Release|Any CPU
		{C4218578-C7A6-40E4-B46C-ABDFBB88A6EC}.Release|x64.Build.0 = Release|Any CPU
		{C4218578-C7A6-40E4-B46C-ABDFBB88A6EC}.Release|x86.ActiveCfg = Release|Any CPU
		{C4218578-C7A6-40E4-B46C-ABDFBB88A6EC}.Release|x86.Build.0 = Release|Any CPU
		{2A5FFE43-9C49-4464-A0D1-987001F1A507}.Debug|Any CPU.ActiveCfg = Debug|Any CPU
		{2A5FFE43-9C49-4464-A0D1-987001F1A507}.Debug|Any CPU.Build.0 = Debug|Any CPU
		{2A5FFE43-9C49-4464-A0D1-987001F1A507}.Debug|x64.ActiveCfg = Debug|Any CPU
		{2A5FFE43-9C49-4464-A0D1-987001F1A507}.Debug|x64.Build.0 = Debug|Any CPU
		{2A5FFE43-9C49-4464-A0D1-987001F1A507}.Debug|x86.ActiveCfg = Debug|Any CPU
		{2A5FFE43-9C49-4464-A0D1-987001F1A507}.Debug|x86.Build.0 = Debug|Any CPU
		{2A5FFE43-9C49-4464-A0D1-987001F1A507}.Release|Any CPU.ActiveCfg = Release|Any CPU
		{2A5FFE43-9C49-4464-A0D1-987001F1A507}.Release|Any CPU.Build.0 = Release|Any CPU
		{2A5FFE43-9C49-4464-A0D1-987001F1A507}.Release|x64.ActiveCfg = Release|Any CPU
		{2A5FFE43-9C49-4464-A0D1-987001F1A507}.Release|x64.Build.0 = Release|Any CPU
		{2A5FFE43-9C49-4464-A0D1-987001F1A507}.Release|x86.ActiveCfg = Release|Any CPU
		{2A5FFE43-9C49-4464-A0D1-987001F1A507}.Release|x86.Build.0 = Release|Any CPU
		{B433FDB4-9D4B-46C2-899E-98389337F49D}.Debug|Any CPU.ActiveCfg = Debug|Any CPU
		{B433FDB4-9D4B-46C2-899E-98389337F49D}.Debug|Any CPU.Build.0 = Debug|Any CPU
		{B433FDB4-9D4B-46C2-899E-98389337F49D}.Debug|x64.ActiveCfg = Debug|Any CPU
		{B433FDB4-9D4B-46C2-899E-98389337F49D}.Debug|x64.Build.0 = Debug|Any CPU
		{B433FDB4-9D4B-46C2-899E-98389337F49D}.Debug|x86.ActiveCfg = Debug|Any CPU
		{B433FDB4-9D4B-46C2-899E-98389337F49D}.Debug|x86.Build.0 = Debug|Any CPU
		{B433FDB4-9D4B-46C2-899E-98389337F49D}.Release|Any CPU.ActiveCfg = Release|Any CPU
		{B433FDB4-9D4B-46C2-899E-98389337F49D}.Release|Any CPU.Build.0 = Release|Any CPU
		{B433FDB4-9D4B-46C2-899E-98389337F49D}.Release|x64.ActiveCfg = Release|Any CPU
		{B433FDB4-9D4B-46C2-899E-98389337F49D}.Release|x64.Build.0 = Release|Any CPU
		{B433FDB4-9D4B-46C2-899E-98389337F49D}.Release|x86.ActiveCfg = Release|Any CPU
		{B433FDB4-9D4B-46C2-899E-98389337F49D}.Release|x86.Build.0 = Release|Any CPU
		{10421CAD-7AC5-4BAB-914E-9C82F84B7D60}.Debug|Any CPU.ActiveCfg = Debug|Any CPU
		{10421CAD-7AC5-4BAB-914E-9C82F84B7D60}.Debug|Any CPU.Build.0 = Debug|Any CPU
		{10421CAD-7AC5-4BAB-914E-9C82F84B7D60}.Debug|x64.ActiveCfg = Debug|Any CPU
		{10421CAD-7AC5-4BAB-914E-9C82F84B7D60}.Debug|x64.Build.0 = Debug|Any CPU
		{10421CAD-7AC5-4BAB-914E-9C82F84B7D60}.Debug|x86.ActiveCfg = Debug|Any CPU
		{10421CAD-7AC5-4BAB-914E-9C82F84B7D60}.Debug|x86.Build.0 = Debug|Any CPU
		{10421CAD-7AC5-4BAB-914E-9C82F84B7D60}.Release|Any CPU.ActiveCfg = Release|Any CPU
		{10421CAD-7AC5-4BAB-914E-9C82F84B7D60}.Release|Any CPU.Build.0 = Release|Any CPU
		{10421CAD-7AC5-4BAB-914E-9C82F84B7D60}.Release|x64.ActiveCfg = Release|Any CPU
		{10421CAD-7AC5-4BAB-914E-9C82F84B7D60}.Release|x64.Build.0 = Release|Any CPU
		{10421CAD-7AC5-4BAB-914E-9C82F84B7D60}.Release|x86.ActiveCfg = Release|Any CPU
		{10421CAD-7AC5-4BAB-914E-9C82F84B7D60}.Release|x86.Build.0 = Release|Any CPU
		{698769B6-EA10-4CD4-90D8-F237E9840CD2}.Debug|Any CPU.ActiveCfg = Debug|Any CPU
		{698769B6-EA10-4CD4-90D8-F237E9840CD2}.Debug|Any CPU.Build.0 = Debug|Any CPU
		{698769B6-EA10-4CD4-90D8-F237E9840CD2}.Debug|x64.ActiveCfg = Debug|Any CPU
		{698769B6-EA10-4CD4-90D8-F237E9840CD2}.Debug|x64.Build.0 = Debug|Any CPU
		{698769B6-EA10-4CD4-90D8-F237E9840CD2}.Debug|x86.ActiveCfg = Debug|Any CPU
		{698769B6-EA10-4CD4-90D8-F237E9840CD2}.Debug|x86.Build.0 = Debug|Any CPU
		{698769B6-EA10-4CD4-90D8-F237E9840CD2}.Release|Any CPU.ActiveCfg = Release|Any CPU
		{698769B6-EA10-4CD4-90D8-F237E9840CD2}.Release|Any CPU.Build.0 = Release|Any CPU
		{698769B6-EA10-4CD4-90D8-F237E9840CD2}.Release|x64.ActiveCfg = Release|Any CPU
		{698769B6-EA10-4CD4-90D8-F237E9840CD2}.Release|x64.Build.0 = Release|Any CPU
		{698769B6-EA10-4CD4-90D8-F237E9840CD2}.Release|x86.ActiveCfg = Release|Any CPU
		{698769B6-EA10-4CD4-90D8-F237E9840CD2}.Release|x86.Build.0 = Release|Any CPU
	EndGlobalSection
	GlobalSection(SolutionProperties) = preSolution
		HideSolutionNode = FALSE
	EndGlobalSection
	GlobalSection(NestedProjects) = preSolution
		{26097CC9-3F11-4836-B7ED-8EDE80ED7BA5} = {52136440-E4B7-46D2-999C-34815AFBB291}
		{656AECF0-152C-4326-897C-BDF648F47DC0} = {52136440-E4B7-46D2-999C-34815AFBB291}
		{13185604-A5D7-4237-950B-9CB846E822DB} = {52136440-E4B7-46D2-999C-34815AFBB291}
		{A0158657-8D8F-49CD-8484-E83BE733C76A} = {52136440-E4B7-46D2-999C-34815AFBB291}
		{328EE6B6-D27C-4F7C-BD8B-030FCC5BD4AB} = {52136440-E4B7-46D2-999C-34815AFBB291}
		{EAA737FD-0E12-4DF9-B03C-157AE21D4275} = {52136440-E4B7-46D2-999C-34815AFBB291}
		{4CAEBB8C-2D36-4931-BC8B-FCE82E830DA2} = {7513FDAB-F854-46E9-8BE8-ED2FF8FD41BC}
		{BB20BE17-2B87-4210-BF67-A97ACC085B74} = {7513FDAB-F854-46E9-8BE8-ED2FF8FD41BC}
		{C4218578-C7A6-40E4-B46C-ABDFBB88A6EC} = {7513FDAB-F854-46E9-8BE8-ED2FF8FD41BC}
		{2A5FFE43-9C49-4464-A0D1-987001F1A507} = {34BAB564-21CF-4A3F-A539-917141188769}
		{B433FDB4-9D4B-46C2-899E-98389337F49D} = {34BAB564-21CF-4A3F-A539-917141188769}
		{10421CAD-7AC5-4BAB-914E-9C82F84B7D60} = {34BAB564-21CF-4A3F-A539-917141188769}
		{698769B6-EA10-4CD4-90D8-F237E9840CD2} = {34BAB564-21CF-4A3F-A539-917141188769}
	EndGlobalSection
	GlobalSection(ExtensibilityGlobals) = postSolution
		SolutionGuid = {19DA0B2B-D232-45F4-98B2-342D8745AE6E}
	EndGlobalSection
EndGlobal
