
Microsoft Visual Studio Solution File, Format Version 12.00
# Visual Studio Version 16
VisualStudioVersion = 16.0.30711.63
MinimumVisualStudioVersion = 15.0.26124.0
Project("{2150E333-8FDC-42A3-9474-1A3956D46DE8}") = "Solution Items", "Solution Items", "{714D8ED1-5637-478C-984F-0224EB00F0FC}"
	ProjectSection(SolutionItems) = preProject
		cliSettings.json = cliSettings.json
	EndProjectSection
EndProject
Project("{2150E333-8FDC-42A3-9474-1A3956D46DE8}") = "building-blocks", "building-blocks", "{52136440-E4B7-46D2-999C-34815AFBB291}"
EndProject
Project("{9A19103F-16F7-4668-BE54-9A1E7A4F7556}") = "BuildingBlocks.Abstractions", "building-blocks\BuildingBlocks.Abstractions\BuildingBlocks.Abstractions.csproj", "{A9D472A9-F057-4721-A8EF-6DC850A485FA}"
EndProject
Project("{9A19103F-16F7-4668-BE54-9A1E7A4F7556}") = "BuildingBlocks.Core", "building-blocks\BuildingBlocks.Core\BuildingBlocks.Core.csproj", "{26097CC9-3F11-4836-B7ED-8EDE80ED7BA5}"
EndProject
Project("{9A19103F-16F7-4668-BE54-9A1E7A4F7556}") = "BuildingBlocks.AspNetCore", "building-blocks\BuildingBlocks.AspNetCore\BuildingBlocks.AspNetCore.csproj", "{656AECF0-152C-4326-897C-BDF648F47DC0}"
EndProject
Project("{9A19103F-16F7-4668-BE54-9A1E7A4F7556}") = "BuildingBlocks.EventStore", "building-blocks\BuildingBlocks.EventStore\BuildingBlocks.EventStore.csproj", "{13185604-A5D7-4237-950B-9CB846E822DB}"
EndProject
Project("{2150E333-8FDC-42A3-9474-1A3956D46DE8}") = "src", "src", "{7513FDAB-F854-46E9-8BE8-ED2FF8FD41BC}"
EndProject
Project("{9A19103F-16F7-4668-BE54-9A1E7A4F7556}") = "ShootQ.Core", "src\ShootQ.Core\ShootQ.Core.csproj", "{772D9B9B-8664-496F-8458-D94E17DBB86E}"
EndProject
Project("{9A19103F-16F7-4668-BE54-9A1E7A4F7556}") = "ShootQ.Domain", "src\ShootQ.Domain\ShootQ.Domain.csproj", "{73E29164-E6AF-4755-B601-0B9D97A45EBA}"
EndProject
Project("{9A19103F-16F7-4668-BE54-9A1E7A4F7556}") = "ShootQ.Api", "src\ShootQ.Api\ShootQ.Api.csproj", "{E52D4FBA-6450-4596-B8C9-320CB0B1DC00}"
EndProject
Project("{2150E333-8FDC-42A3-9474-1A3956D46DE8}") = "test", "test", "{34BAB564-21CF-4A3F-A539-917141188769}"
EndProject
Project("{9A19103F-16F7-4668-BE54-9A1E7A4F7556}") = "ShootQ.Core.UnitTests", "test\ShootQ.Core.UnitTests\ShootQ.Core.UnitTests.csproj", "{C13391A5-D0B6-438E-A262-3D688D8CC905}"
EndProject
Project("{9A19103F-16F7-4668-BE54-9A1E7A4F7556}") = "ShootQ.Domain.UnitTests", "test\ShootQ.Domain.UnitTests\ShootQ.Domain.UnitTests.csproj", "{53755AED-DF3E-45DD-9452-C4F6C5B70294}"
EndProject
Project("{9A19103F-16F7-4668-BE54-9A1E7A4F7556}") = "ShootQ.Api.FunctionalTests", "test\ShootQ.Api.FunctionalTests\ShootQ.Api.FunctionalTests.csproj", "{A01E695F-528B-4CA2-AC36-82F92F8EDEA7}"
EndProject
Project("{9A19103F-16F7-4668-BE54-9A1E7A4F7556}") = "ShootQ.Testing", "test\ShootQ.Testing\ShootQ.Testing.csproj", "{DBD99539-E946-484A-B002-7AC171B46A7D}"
EndProject
Project("{9A19103F-16F7-4668-BE54-9A1E7A4F7556}") = "BuildingBlocks.Email", "building-blocks\BuildingBlocks.Email\BuildingBlocks.Email.csproj", "{A0158657-8D8F-49CD-8484-E83BE733C76A}"
EndProject
Project("{9A19103F-16F7-4668-BE54-9A1E7A4F7556}") = "BuildingBlocks.GeoLocation", "building-blocks\BuildingBlocks.GeoLocation\BuildingBlocks.GeoLocation.csproj", "{328EE6B6-D27C-4F7C-BD8B-030FCC5BD4AB}"
EndProject
Global
	GlobalSection(SolutionConfigurationPlatforms) = preSolution
		Debug|Any CPU = Debug|Any CPU
		Debug|x64 = Debug|x64
		Debug|x86 = Debug|x86
		Release|Any CPU = Release|Any CPU
		Release|x64 = Release|x64
		Release|x86 = Release|x86
	EndGlobalSection
	GlobalSection(ProjectConfigurationPlatforms) = postSolution
		{A9D472A9-F057-4721-A8EF-6DC850A485FA}.Debug|Any CPU.ActiveCfg = Debug|Any CPU
		{A9D472A9-F057-4721-A8EF-6DC850A485FA}.Debug|Any CPU.Build.0 = Debug|Any CPU
		{A9D472A9-F057-4721-A8EF-6DC850A485FA}.Debug|x64.ActiveCfg = Debug|Any CPU
		{A9D472A9-F057-4721-A8EF-6DC850A485FA}.Debug|x64.Build.0 = Debug|Any CPU
		{A9D472A9-F057-4721-A8EF-6DC850A485FA}.Debug|x86.ActiveCfg = Debug|Any CPU
		{A9D472A9-F057-4721-A8EF-6DC850A485FA}.Debug|x86.Build.0 = Debug|Any CPU
		{A9D472A9-F057-4721-A8EF-6DC850A485FA}.Release|Any CPU.ActiveCfg = Release|Any CPU
		{A9D472A9-F057-4721-A8EF-6DC850A485FA}.Release|Any CPU.Build.0 = Release|Any CPU
		{A9D472A9-F057-4721-A8EF-6DC850A485FA}.Release|x64.ActiveCfg = Release|Any CPU
		{A9D472A9-F057-4721-A8EF-6DC850A485FA}.Release|x64.Build.0 = Release|Any CPU
		{A9D472A9-F057-4721-A8EF-6DC850A485FA}.Release|x86.ActiveCfg = Release|Any CPU
		{A9D472A9-F057-4721-A8EF-6DC850A485FA}.Release|x86.Build.0 = Release|Any CPU
		{26097CC9-3F11-4836-B7ED-8EDE80ED7BA5}.Debug|Any CPU.ActiveCfg = Debug|Any CPU
		{26097CC9-3F11-4836-B7ED-8EDE80ED7BA5}.Debug|Any CPU.Build.0 = Debug|Any CPU
		{26097CC9-3F11-4836-B7ED-8EDE80ED7BA5}.Debug|x64.ActiveCfg = Debug|Any CPU
		{26097CC9-3F11-4836-B7ED-8EDE80ED7BA5}.Debug|x64.Build.0 = Debug|Any CPU
		{26097CC9-3F11-4836-B7ED-8EDE80ED7BA5}.Debug|x86.ActiveCfg = Debug|Any CPU
		{26097CC9-3F11-4836-B7ED-8EDE80ED7BA5}.Debug|x86.Build.0 = Debug|Any CPU
		{26097CC9-3F11-4836-B7ED-8EDE80ED7BA5}.Release|Any CPU.ActiveCfg = Release|Any CPU
		{26097CC9-3F11-4836-B7ED-8EDE80ED7BA5}.Release|Any CPU.Build.0 = Release|Any CPU
		{26097CC9-3F11-4836-B7ED-8EDE80ED7BA5}.Release|x64.ActiveCfg = Release|Any CPU
		{26097CC9-3F11-4836-B7ED-8EDE80ED7BA5}.Release|x64.Build.0 = Release|Any CPU
		{26097CC9-3F11-4836-B7ED-8EDE80ED7BA5}.Release|x86.ActiveCfg = Release|Any CPU
		{26097CC9-3F11-4836-B7ED-8EDE80ED7BA5}.Release|x86.Build.0 = Release|Any CPU
		{656AECF0-152C-4326-897C-BDF648F47DC0}.Debug|Any CPU.ActiveCfg = Debug|Any CPU
		{656AECF0-152C-4326-897C-BDF648F47DC0}.Debug|Any CPU.Build.0 = Debug|Any CPU
		{656AECF0-152C-4326-897C-BDF648F47DC0}.Debug|x64.ActiveCfg = Debug|Any CPU
		{656AECF0-152C-4326-897C-BDF648F47DC0}.Debug|x64.Build.0 = Debug|Any CPU
		{656AECF0-152C-4326-897C-BDF648F47DC0}.Debug|x86.ActiveCfg = Debug|Any CPU
		{656AECF0-152C-4326-897C-BDF648F47DC0}.Debug|x86.Build.0 = Debug|Any CPU
		{656AECF0-152C-4326-897C-BDF648F47DC0}.Release|Any CPU.ActiveCfg = Release|Any CPU
		{656AECF0-152C-4326-897C-BDF648F47DC0}.Release|Any CPU.Build.0 = Release|Any CPU
		{656AECF0-152C-4326-897C-BDF648F47DC0}.Release|x64.ActiveCfg = Release|Any CPU
		{656AECF0-152C-4326-897C-BDF648F47DC0}.Release|x64.Build.0 = Release|Any CPU
		{656AECF0-152C-4326-897C-BDF648F47DC0}.Release|x86.ActiveCfg = Release|Any CPU
		{656AECF0-152C-4326-897C-BDF648F47DC0}.Release|x86.Build.0 = Release|Any CPU
		{13185604-A5D7-4237-950B-9CB846E822DB}.Debug|Any CPU.ActiveCfg = Debug|Any CPU
		{13185604-A5D7-4237-950B-9CB846E822DB}.Debug|Any CPU.Build.0 = Debug|Any CPU
		{13185604-A5D7-4237-950B-9CB846E822DB}.Debug|x64.ActiveCfg = Debug|Any CPU
		{13185604-A5D7-4237-950B-9CB846E822DB}.Debug|x64.Build.0 = Debug|Any CPU
		{13185604-A5D7-4237-950B-9CB846E822DB}.Debug|x86.ActiveCfg = Debug|Any CPU
		{13185604-A5D7-4237-950B-9CB846E822DB}.Debug|x86.Build.0 = Debug|Any CPU
		{13185604-A5D7-4237-950B-9CB846E822DB}.Release|Any CPU.ActiveCfg = Release|Any CPU
		{13185604-A5D7-4237-950B-9CB846E822DB}.Release|Any CPU.Build.0 = Release|Any CPU
		{13185604-A5D7-4237-950B-9CB846E822DB}.Release|x64.ActiveCfg = Release|Any CPU
		{13185604-A5D7-4237-950B-9CB846E822DB}.Release|x64.Build.0 = Release|Any CPU
		{13185604-A5D7-4237-950B-9CB846E822DB}.Release|x86.ActiveCfg = Release|Any CPU
		{13185604-A5D7-4237-950B-9CB846E822DB}.Release|x86.Build.0 = Release|Any CPU
		{772D9B9B-8664-496F-8458-D94E17DBB86E}.Debug|Any CPU.ActiveCfg = Debug|Any CPU
		{772D9B9B-8664-496F-8458-D94E17DBB86E}.Debug|Any CPU.Build.0 = Debug|Any CPU
		{772D9B9B-8664-496F-8458-D94E17DBB86E}.Debug|x64.ActiveCfg = Debug|Any CPU
		{772D9B9B-8664-496F-8458-D94E17DBB86E}.Debug|x64.Build.0 = Debug|Any CPU
		{772D9B9B-8664-496F-8458-D94E17DBB86E}.Debug|x86.ActiveCfg = Debug|Any CPU
		{772D9B9B-8664-496F-8458-D94E17DBB86E}.Debug|x86.Build.0 = Debug|Any CPU
		{772D9B9B-8664-496F-8458-D94E17DBB86E}.Release|Any CPU.ActiveCfg = Release|Any CPU
		{772D9B9B-8664-496F-8458-D94E17DBB86E}.Release|Any CPU.Build.0 = Release|Any CPU
		{772D9B9B-8664-496F-8458-D94E17DBB86E}.Release|x64.ActiveCfg = Release|Any CPU
		{772D9B9B-8664-496F-8458-D94E17DBB86E}.Release|x64.Build.0 = Release|Any CPU
		{772D9B9B-8664-496F-8458-D94E17DBB86E}.Release|x86.ActiveCfg = Release|Any CPU
		{772D9B9B-8664-496F-8458-D94E17DBB86E}.Release|x86.Build.0 = Release|Any CPU
		{73E29164-E6AF-4755-B601-0B9D97A45EBA}.Debug|Any CPU.ActiveCfg = Debug|Any CPU
		{73E29164-E6AF-4755-B601-0B9D97A45EBA}.Debug|Any CPU.Build.0 = Debug|Any CPU
		{73E29164-E6AF-4755-B601-0B9D97A45EBA}.Debug|x64.ActiveCfg = Debug|Any CPU
		{73E29164-E6AF-4755-B601-0B9D97A45EBA}.Debug|x64.Build.0 = Debug|Any CPU
		{73E29164-E6AF-4755-B601-0B9D97A45EBA}.Debug|x86.ActiveCfg = Debug|Any CPU
		{73E29164-E6AF-4755-B601-0B9D97A45EBA}.Debug|x86.Build.0 = Debug|Any CPU
		{73E29164-E6AF-4755-B601-0B9D97A45EBA}.Release|Any CPU.ActiveCfg = Release|Any CPU
		{73E29164-E6AF-4755-B601-0B9D97A45EBA}.Release|Any CPU.Build.0 = Release|Any CPU
		{73E29164-E6AF-4755-B601-0B9D97A45EBA}.Release|x64.ActiveCfg = Release|Any CPU
		{73E29164-E6AF-4755-B601-0B9D97A45EBA}.Release|x64.Build.0 = Release|Any CPU
		{73E29164-E6AF-4755-B601-0B9D97A45EBA}.Release|x86.ActiveCfg = Release|Any CPU
		{73E29164-E6AF-4755-B601-0B9D97A45EBA}.Release|x86.Build.0 = Release|Any CPU
		{E52D4FBA-6450-4596-B8C9-320CB0B1DC00}.Debug|Any CPU.ActiveCfg = Debug|Any CPU
		{E52D4FBA-6450-4596-B8C9-320CB0B1DC00}.Debug|Any CPU.Build.0 = Debug|Any CPU
		{E52D4FBA-6450-4596-B8C9-320CB0B1DC00}.Debug|x64.ActiveCfg = Debug|Any CPU
		{E52D4FBA-6450-4596-B8C9-320CB0B1DC00}.Debug|x64.Build.0 = Debug|Any CPU
		{E52D4FBA-6450-4596-B8C9-320CB0B1DC00}.Debug|x86.ActiveCfg = Debug|Any CPU
		{E52D4FBA-6450-4596-B8C9-320CB0B1DC00}.Debug|x86.Build.0 = Debug|Any CPU
		{E52D4FBA-6450-4596-B8C9-320CB0B1DC00}.Release|Any CPU.ActiveCfg = Release|Any CPU
		{E52D4FBA-6450-4596-B8C9-320CB0B1DC00}.Release|Any CPU.Build.0 = Release|Any CPU
		{E52D4FBA-6450-4596-B8C9-320CB0B1DC00}.Release|x64.ActiveCfg = Release|Any CPU
		{E52D4FBA-6450-4596-B8C9-320CB0B1DC00}.Release|x64.Build.0 = Release|Any CPU
		{E52D4FBA-6450-4596-B8C9-320CB0B1DC00}.Release|x86.ActiveCfg = Release|Any CPU
		{E52D4FBA-6450-4596-B8C9-320CB0B1DC00}.Release|x86.Build.0 = Release|Any CPU
		{C13391A5-D0B6-438E-A262-3D688D8CC905}.Debug|Any CPU.ActiveCfg = Debug|Any CPU
		{C13391A5-D0B6-438E-A262-3D688D8CC905}.Debug|Any CPU.Build.0 = Debug|Any CPU
		{C13391A5-D0B6-438E-A262-3D688D8CC905}.Debug|x64.ActiveCfg = Debug|Any CPU
		{C13391A5-D0B6-438E-A262-3D688D8CC905}.Debug|x64.Build.0 = Debug|Any CPU
		{C13391A5-D0B6-438E-A262-3D688D8CC905}.Debug|x86.ActiveCfg = Debug|Any CPU
		{C13391A5-D0B6-438E-A262-3D688D8CC905}.Debug|x86.Build.0 = Debug|Any CPU
		{C13391A5-D0B6-438E-A262-3D688D8CC905}.Release|Any CPU.ActiveCfg = Release|Any CPU
		{C13391A5-D0B6-438E-A262-3D688D8CC905}.Release|Any CPU.Build.0 = Release|Any CPU
		{C13391A5-D0B6-438E-A262-3D688D8CC905}.Release|x64.ActiveCfg = Release|Any CPU
		{C13391A5-D0B6-438E-A262-3D688D8CC905}.Release|x64.Build.0 = Release|Any CPU
		{C13391A5-D0B6-438E-A262-3D688D8CC905}.Release|x86.ActiveCfg = Release|Any CPU
		{C13391A5-D0B6-438E-A262-3D688D8CC905}.Release|x86.Build.0 = Release|Any CPU
		{53755AED-DF3E-45DD-9452-C4F6C5B70294}.Debug|Any CPU.ActiveCfg = Debug|Any CPU
		{53755AED-DF3E-45DD-9452-C4F6C5B70294}.Debug|Any CPU.Build.0 = Debug|Any CPU
		{53755AED-DF3E-45DD-9452-C4F6C5B70294}.Debug|x64.ActiveCfg = Debug|Any CPU
		{53755AED-DF3E-45DD-9452-C4F6C5B70294}.Debug|x64.Build.0 = Debug|Any CPU
		{53755AED-DF3E-45DD-9452-C4F6C5B70294}.Debug|x86.ActiveCfg = Debug|Any CPU
		{53755AED-DF3E-45DD-9452-C4F6C5B70294}.Debug|x86.Build.0 = Debug|Any CPU
		{53755AED-DF3E-45DD-9452-C4F6C5B70294}.Release|Any CPU.ActiveCfg = Release|Any CPU
		{53755AED-DF3E-45DD-9452-C4F6C5B70294}.Release|Any CPU.Build.0 = Release|Any CPU
		{53755AED-DF3E-45DD-9452-C4F6C5B70294}.Release|x64.ActiveCfg = Release|Any CPU
		{53755AED-DF3E-45DD-9452-C4F6C5B70294}.Release|x64.Build.0 = Release|Any CPU
		{53755AED-DF3E-45DD-9452-C4F6C5B70294}.Release|x86.ActiveCfg = Release|Any CPU
		{53755AED-DF3E-45DD-9452-C4F6C5B70294}.Release|x86.Build.0 = Release|Any CPU
		{A01E695F-528B-4CA2-AC36-82F92F8EDEA7}.Debug|Any CPU.ActiveCfg = Debug|Any CPU
		{A01E695F-528B-4CA2-AC36-82F92F8EDEA7}.Debug|Any CPU.Build.0 = Debug|Any CPU
		{A01E695F-528B-4CA2-AC36-82F92F8EDEA7}.Debug|x64.ActiveCfg = Debug|Any CPU
		{A01E695F-528B-4CA2-AC36-82F92F8EDEA7}.Debug|x64.Build.0 = Debug|Any CPU
		{A01E695F-528B-4CA2-AC36-82F92F8EDEA7}.Debug|x86.ActiveCfg = Debug|Any CPU
		{A01E695F-528B-4CA2-AC36-82F92F8EDEA7}.Debug|x86.Build.0 = Debug|Any CPU
		{A01E695F-528B-4CA2-AC36-82F92F8EDEA7}.Release|Any CPU.ActiveCfg = Release|Any CPU
		{A01E695F-528B-4CA2-AC36-82F92F8EDEA7}.Release|Any CPU.Build.0 = Release|Any CPU
		{A01E695F-528B-4CA2-AC36-82F92F8EDEA7}.Release|x64.ActiveCfg = Release|Any CPU
		{A01E695F-528B-4CA2-AC36-82F92F8EDEA7}.Release|x64.Build.0 = Release|Any CPU
		{A01E695F-528B-4CA2-AC36-82F92F8EDEA7}.Release|x86.ActiveCfg = Release|Any CPU
		{A01E695F-528B-4CA2-AC36-82F92F8EDEA7}.Release|x86.Build.0 = Release|Any CPU
		{DBD99539-E946-484A-B002-7AC171B46A7D}.Debug|Any CPU.ActiveCfg = Debug|Any CPU
		{DBD99539-E946-484A-B002-7AC171B46A7D}.Debug|Any CPU.Build.0 = Debug|Any CPU
		{DBD99539-E946-484A-B002-7AC171B46A7D}.Debug|x64.ActiveCfg = Debug|Any CPU
		{DBD99539-E946-484A-B002-7AC171B46A7D}.Debug|x64.Build.0 = Debug|Any CPU
		{DBD99539-E946-484A-B002-7AC171B46A7D}.Debug|x86.ActiveCfg = Debug|Any CPU
		{DBD99539-E946-484A-B002-7AC171B46A7D}.Debug|x86.Build.0 = Debug|Any CPU
		{DBD99539-E946-484A-B002-7AC171B46A7D}.Release|Any CPU.ActiveCfg = Release|Any CPU
		{DBD99539-E946-484A-B002-7AC171B46A7D}.Release|Any CPU.Build.0 = Release|Any CPU
		{DBD99539-E946-484A-B002-7AC171B46A7D}.Release|x64.ActiveCfg = Release|Any CPU
		{DBD99539-E946-484A-B002-7AC171B46A7D}.Release|x64.Build.0 = Release|Any CPU
		{DBD99539-E946-484A-B002-7AC171B46A7D}.Release|x86.ActiveCfg = Release|Any CPU
		{DBD99539-E946-484A-B002-7AC171B46A7D}.Release|x86.Build.0 = Release|Any CPU
		{A0158657-8D8F-49CD-8484-E83BE733C76A}.Debug|Any CPU.ActiveCfg = Debug|Any CPU
		{A0158657-8D8F-49CD-8484-E83BE733C76A}.Debug|Any CPU.Build.0 = Debug|Any CPU
		{A0158657-8D8F-49CD-8484-E83BE733C76A}.Debug|x64.ActiveCfg = Debug|Any CPU
		{A0158657-8D8F-49CD-8484-E83BE733C76A}.Debug|x64.Build.0 = Debug|Any CPU
		{A0158657-8D8F-49CD-8484-E83BE733C76A}.Debug|x86.ActiveCfg = Debug|Any CPU
		{A0158657-8D8F-49CD-8484-E83BE733C76A}.Debug|x86.Build.0 = Debug|Any CPU
		{A0158657-8D8F-49CD-8484-E83BE733C76A}.Release|Any CPU.ActiveCfg = Release|Any CPU
		{A0158657-8D8F-49CD-8484-E83BE733C76A}.Release|Any CPU.Build.0 = Release|Any CPU
		{A0158657-8D8F-49CD-8484-E83BE733C76A}.Release|x64.ActiveCfg = Release|Any CPU
		{A0158657-8D8F-49CD-8484-E83BE733C76A}.Release|x64.Build.0 = Release|Any CPU
		{A0158657-8D8F-49CD-8484-E83BE733C76A}.Release|x86.ActiveCfg = Release|Any CPU
		{A0158657-8D8F-49CD-8484-E83BE733C76A}.Release|x86.Build.0 = Release|Any CPU
		{328EE6B6-D27C-4F7C-BD8B-030FCC5BD4AB}.Debug|Any CPU.ActiveCfg = Debug|Any CPU
		{328EE6B6-D27C-4F7C-BD8B-030FCC5BD4AB}.Debug|Any CPU.Build.0 = Debug|Any CPU
		{328EE6B6-D27C-4F7C-BD8B-030FCC5BD4AB}.Debug|x64.ActiveCfg = Debug|Any CPU
		{328EE6B6-D27C-4F7C-BD8B-030FCC5BD4AB}.Debug|x64.Build.0 = Debug|Any CPU
		{328EE6B6-D27C-4F7C-BD8B-030FCC5BD4AB}.Debug|x86.ActiveCfg = Debug|Any CPU
		{328EE6B6-D27C-4F7C-BD8B-030FCC5BD4AB}.Debug|x86.Build.0 = Debug|Any CPU
		{328EE6B6-D27C-4F7C-BD8B-030FCC5BD4AB}.Release|Any CPU.ActiveCfg = Release|Any CPU
		{328EE6B6-D27C-4F7C-BD8B-030FCC5BD4AB}.Release|Any CPU.Build.0 = Release|Any CPU
		{328EE6B6-D27C-4F7C-BD8B-030FCC5BD4AB}.Release|x64.ActiveCfg = Release|Any CPU
		{328EE6B6-D27C-4F7C-BD8B-030FCC5BD4AB}.Release|x64.Build.0 = Release|Any CPU
		{328EE6B6-D27C-4F7C-BD8B-030FCC5BD4AB}.Release|x86.ActiveCfg = Release|Any CPU
		{328EE6B6-D27C-4F7C-BD8B-030FCC5BD4AB}.Release|x86.Build.0 = Release|Any CPU
	EndGlobalSection
	GlobalSection(SolutionProperties) = preSolution
		HideSolutionNode = FALSE
	EndGlobalSection
	GlobalSection(NestedProjects) = preSolution
		{A9D472A9-F057-4721-A8EF-6DC850A485FA} = {52136440-E4B7-46D2-999C-34815AFBB291}
		{26097CC9-3F11-4836-B7ED-8EDE80ED7BA5} = {52136440-E4B7-46D2-999C-34815AFBB291}
		{656AECF0-152C-4326-897C-BDF648F47DC0} = {52136440-E4B7-46D2-999C-34815AFBB291}
		{13185604-A5D7-4237-950B-9CB846E822DB} = {52136440-E4B7-46D2-999C-34815AFBB291}
		{772D9B9B-8664-496F-8458-D94E17DBB86E} = {7513FDAB-F854-46E9-8BE8-ED2FF8FD41BC}
		{73E29164-E6AF-4755-B601-0B9D97A45EBA} = {7513FDAB-F854-46E9-8BE8-ED2FF8FD41BC}
		{E52D4FBA-6450-4596-B8C9-320CB0B1DC00} = {7513FDAB-F854-46E9-8BE8-ED2FF8FD41BC}
		{C13391A5-D0B6-438E-A262-3D688D8CC905} = {34BAB564-21CF-4A3F-A539-917141188769}
		{53755AED-DF3E-45DD-9452-C4F6C5B70294} = {34BAB564-21CF-4A3F-A539-917141188769}
		{A01E695F-528B-4CA2-AC36-82F92F8EDEA7} = {34BAB564-21CF-4A3F-A539-917141188769}
		{DBD99539-E946-484A-B002-7AC171B46A7D} = {34BAB564-21CF-4A3F-A539-917141188769}
		{A0158657-8D8F-49CD-8484-E83BE733C76A} = {52136440-E4B7-46D2-999C-34815AFBB291}
		{328EE6B6-D27C-4F7C-BD8B-030FCC5BD4AB} = {52136440-E4B7-46D2-999C-34815AFBB291}
	EndGlobalSection
	GlobalSection(ExtensibilityGlobals) = postSolution
		SolutionGuid = {19DA0B2B-D232-45F4-98B2-342D8745AE6E}
	EndGlobalSection
EndGlobal
